<?xml version="1.0" encoding="utf-8"?>
<Project ToolsVersion="4.0" xmlns="http://schemas.microsoft.com/developer/msbuild/2003">
  <ItemGroup>
    <Filter Include="來源檔案">
      <UniqueIdentifier>{4FC737F1-C7A5-4376-A066-2A32D752A2FF}</UniqueIdentifier>
      <Extensions>cpp;c;cc;cxx;c++;cppm;ixx;def;odl;idl;hpj;bat;asm;asmx</Extensions>
    </Filter>
    <Filter Include="標頭檔">
      <UniqueIdentifier>{93995380-89BD-4b04-88EB-625FBE52EBFB}</UniqueIdentifier>
      <Extensions>h;hh;hpp;hxx;h++;hm;inl;inc;ipp;xsd</Extensions>
    </Filter>
    <Filter Include="資源檔">
      <UniqueIdentifier>{67DA6AB6-F800-4c08-8B7A-83BB121AAD01}</UniqueIdentifier>
      <Extensions>rc;ico;cur;bmp;dlg;rc2;rct;bin;rgs;gif;jpg;jpeg;jpe;resx;tiff;tif;png;wav;mfcribbon-ms</Extensions>
    </Filter>
    <Filter Include="來源檔案\Shader">
      <UniqueIdentifier>{31cc82cb-bb73-4944-848a-744bc92ac251}</UniqueIdentifier>
    </Filter>
    <Filter Include="來源檔案\Images">
      <UniqueIdentifier>{b65fd822-d407-42b6-a7ad-a7d6c8a31bf8}</UniqueIdentifier>
    </Filter>
    <Filter Include="來源檔案\Components">
      <UniqueIdentifier>{69795eb2-2099-4a35-b2a8-ca61abb08b35}</UniqueIdentifier>
    </Filter>
    <Filter Include="來源檔案\Shapes">
      <UniqueIdentifier>{0e824dd5-0118-402e-a910-c75a67145a81}</UniqueIdentifier>
    </Filter>
    <Filter Include="來源檔案\Systems">
      <UniqueIdentifier>{63432dee-2968-459e-adb9-7d09625fc250}</UniqueIdentifier>
    </Filter>
    <Filter Include="來源檔案\Tools">
      <UniqueIdentifier>{ec23d48a-1777-4318-8c35-59604058b917}</UniqueIdentifier>
    </Filter>
    <Filter Include="來源檔案\GeometryData">
      <UniqueIdentifier>{f7932588-b46a-4e6a-a341-5d910540d657}</UniqueIdentifier>
    </Filter>
    <Filter Include="來源檔案\GameObjects">
      <UniqueIdentifier>{904920ae-18f0-450e-afce-0134f4fa223a}</UniqueIdentifier>
    </Filter>
    <Filter Include="來源檔案\GameObjects\Enemy">
      <UniqueIdentifier>{9f5dab05-29dc-4ac8-8858-776447395883}</UniqueIdentifier>
    </Filter>
    <Filter Include="來源檔案\StateMachine">
      <UniqueIdentifier>{9f2d3de0-50cb-45d4-aac2-cbe6bbefe3b2}</UniqueIdentifier>
    </Filter>
  </ItemGroup>
  <ItemGroup>
    <ClCompile Include="main.cpp">
      <Filter>來源檔案</Filter>
    </ClCompile>
    <ClCompile Include="Shader.cpp">
      <Filter>來源檔案</Filter>
    </ClCompile>
    <ClCompile Include="Tools\GeometryFileReader.cpp">
      <Filter>來源檔案\Tools</Filter>
    </ClCompile>
    <ClCompile Include="Shapes\Shape.cpp">
      <Filter>來源檔案\Shapes</Filter>
    </ClCompile>
    <ClCompile Include="Shapes\GDShape.cpp">
      <Filter>來源檔案\Shapes</Filter>
    </ClCompile>
    <ClCompile Include="Systems\Camera.cpp">
      <Filter>來源檔案\Systems</Filter>
    </ClCompile>
    <ClCompile Include="Systems\Time.cpp">
      <Filter>來源檔案\Systems</Filter>
    </ClCompile>
    <ClCompile Include="GameObjects\Character.cpp">
      <Filter>來源檔案\GameObjects</Filter>
    </ClCompile>
    <ClCompile Include="GameObjects\Object.cpp">
      <Filter>來源檔案\GameObjects</Filter>
    </ClCompile>
    <ClCompile Include="GameObjects\Player.cpp">
      <Filter>來源檔案\GameObjects</Filter>
    </ClCompile>
    <ClCompile Include="Systems\Input.cpp">
      <Filter>來源檔案\Systems</Filter>
    </ClCompile>
    <ClCompile Include="Components\Collider.cpp">
      <Filter>來源檔案\Components</Filter>
    </ClCompile>
    <ClCompile Include="GameObjects\Bullet.cpp">
      <Filter>來源檔案\GameObjects</Filter>
    </ClCompile>
    <ClCompile Include="Components\ShootingPart.cpp">
      <Filter>來源檔案\Components</Filter>
    </ClCompile>
    <ClCompile Include="GameObjects\Enemy\Enemy.cpp">
      <Filter>來源檔案\GameObjects\Enemy</Filter>
    </ClCompile>
    <ClCompile Include="Systems\BulletManager.cpp">
      <Filter>來源檔案\Systems</Filter>
    </ClCompile>
    <ClCompile Include="Systems\EnemyManager.cpp">
      <Filter>來源檔案\Systems</Filter>
    </ClCompile>
    <ClCompile Include="Systems\LevelManager.cpp">
      <Filter>來源檔案\Systems</Filter>
    </ClCompile>
    <ClCompile Include="Tools\Random.cpp">
      <Filter>來源檔案\Tools</Filter>
    </ClCompile>
    <ClCompile Include="GameObjects\Enemy\StrongEnemy.cpp">
      <Filter>來源檔案\GameObjects\Enemy</Filter>
    </ClCompile>
    <ClCompile Include="math.cpp">
      <Filter>標頭檔</Filter>
    </ClCompile>
    <ClCompile Include="GameObjects\Enemy\NormalEnemy.cpp">
      <Filter>來源檔案\GameObjects\Enemy</Filter>
    </ClCompile>
    <ClCompile Include="GameObjects\Enemy\ExpertEnemy.cpp">
      <Filter>來源檔案\GameObjects\Enemy</Filter>
    </ClCompile>
    <ClCompile Include="GameObjects\Enemy\Boss.cpp">
      <Filter>來源檔案\GameObjects\Enemy</Filter>
    </ClCompile>
    <ClCompile Include="StateMachine\State.cpp">
      <Filter>來源檔案\StateMachine</Filter>
    </ClCompile>
    <ClCompile Include="StateMachine\BossNormalState.cpp">
      <Filter>來源檔案\StateMachine</Filter>
    </ClCompile>
    <ClCompile Include="StateMachine\BossAdvanceState.cpp">
      <Filter>來源檔案\StateMachine</Filter>
    </ClCompile>
    <ClCompile Include="StateMachine\BossLastState.cpp">
      <Filter>來源檔案\StateMachine</Filter>
    </ClCompile>
    <ClCompile Include="Systems\Background.cpp">
      <Filter>來源檔案\Systems</Filter>
    </ClCompile>
  </ItemGroup>
  <ItemGroup>
    <ClInclude Include="Shader.h">
      <Filter>來源檔案</Filter>
    </ClInclude>
    <ClInclude Include="Debug.h">
      <Filter>標頭檔</Filter>
    </ClInclude>
    <ClInclude Include="Components\Component.h">
      <Filter>來源檔案\Components</Filter>
    </ClInclude>
    <ClInclude Include="Tools\GeometryFileReader.h">
      <Filter>來源檔案\Tools</Filter>
    </ClInclude>
    <ClInclude Include="Shapes\Shape.h">
      <Filter>來源檔案\Shapes</Filter>
    </ClInclude>
    <ClInclude Include="Shapes\GDShape.h">
      <Filter>來源檔案\Shapes</Filter>
    </ClInclude>
    <ClInclude Include="Systems\Camera.h">
      <Filter>來源檔案\Systems</Filter>
    </ClInclude>
    <ClInclude Include="Systems\Time.h">
      <Filter>來源檔案\Systems</Filter>
    </ClInclude>
    <ClInclude Include="GameObjects\Character.h">
      <Filter>來源檔案\GameObjects</Filter>
    </ClInclude>
    <ClInclude Include="GameObjects\Object.h">
      <Filter>來源檔案\GameObjects</Filter>
    </ClInclude>
    <ClInclude Include="GameObjects\Player.h">
      <Filter>來源檔案\GameObjects</Filter>
    </ClInclude>
    <ClInclude Include="Systems\Input.h">
      <Filter>來源檔案\Systems</Filter>
    </ClInclude>
    <ClInclude Include="Components\Collider.h">
      <Filter>來源檔案\Components</Filter>
    </ClInclude>
    <ClInclude Include="GameObjects\Bullet.h">
      <Filter>來源檔案\GameObjects</Filter>
    </ClInclude>
    <ClInclude Include="Components\ShootingPart.h">
      <Filter>來源檔案\Components</Filter>
    </ClInclude>
    <ClInclude Include="Tools\ObjectPool.h">
      <Filter>來源檔案\Tools</Filter>
    </ClInclude>
    <ClInclude Include="GameObjects\Enemy\Enemy.h">
      <Filter>來源檔案\GameObjects\Enemy</Filter>
    </ClInclude>
    <ClInclude Include="Systems\BulletManager.h">
      <Filter>來源檔案\Systems</Filter>
    </ClInclude>
    <ClInclude Include="Systems\EnemyManager.h">
      <Filter>來源檔案\Systems</Filter>
    </ClInclude>
    <ClInclude Include="Systems\LevelManager.h">
      <Filter>來源檔案\Systems</Filter>
    </ClInclude>
    <ClInclude Include="Tools\GameEnum.h">
      <Filter>來源檔案\Tools</Filter>
    </ClInclude>
    <ClInclude Include="Tools\GameSettings.h">
      <Filter>來源檔案\Tools</Filter>
    </ClInclude>
    <ClInclude Include="Tools\Random.h">
      <Filter>來源檔案\Tools</Filter>
    </ClInclude>
    <ClInclude Include="GameObjects\Enemy\StrongEnemy.h">
      <Filter>來源檔案\GameObjects\Enemy</Filter>
    </ClInclude>
    <ClInclude Include="math.h">
      <Filter>標頭檔</Filter>
    </ClInclude>
    <ClInclude Include="GameObjects\Enemy\NormalEnemy.h">
      <Filter>來源檔案\GameObjects\Enemy</Filter>
    </ClInclude>
    <ClInclude Include="GameObjects\Enemy\ExpertEnemy.h">
      <Filter>來源檔案\GameObjects\Enemy</Filter>
    </ClInclude>
    <ClInclude Include="GameObjects\Enemy\Boss.h">
      <Filter>來源檔案\GameObjects\Enemy</Filter>
    </ClInclude>
    <ClInclude Include="StateMachine\State.h">
      <Filter>來源檔案\StateMachine</Filter>
    </ClInclude>
    <ClInclude Include="StateMachine\BossNormalState.h">
      <Filter>來源檔案\StateMachine</Filter>
    </ClInclude>
    <ClInclude Include="StateMachine\BossAdvanceState.h">
      <Filter>來源檔案\StateMachine</Filter>
    </ClInclude>
    <ClInclude Include="StateMachine\BossLastState.h">
      <Filter>來源檔案\StateMachine</Filter>
    </ClInclude>
    <ClInclude Include="Systems\Background.h">
      <Filter>來源檔案\Systems</Filter>
    </ClInclude>
  </ItemGroup>
  <ItemGroup>
    <Image Include="Images\awesomeface.png">
      <Filter>來源檔案\Images</Filter>
    </Image>
    <Image Include="Images\container.jpg">
      <Filter>來源檔案\Images</Filter>
    </Image>
  </ItemGroup>
  <ItemGroup>
    <None Include="Shader\fragment.frag">
      <Filter>來源檔案\Shader</Filter>
    </None>
    <None Include="Shader\vertex.vs">
      <Filter>來源檔案\Shader</Filter>
    </None>
    <None Include="Shader\Simple2D.vs">
      <Filter>來源檔案\Shader</Filter>
    </None>
    <None Include="Shader\Simple2D.frag">
      <Filter>來源檔案\Shader</Filter>
    </None>
    <None Include="GeometryData\Quad.gd">
      <Filter>來源檔案\GeometryData</Filter>
    </None>
    <None Include="GeometryData\Triangle.gd">
      <Filter>來源檔案\GeometryData</Filter>
    </None>
    <None Include="GeometryData\Circle.gd">
      <Filter>來源檔案\GeometryData</Filter>
    </None>
    <None Include="GeometryData\Plane.gd">
      <Filter>來源檔案\GeometryData</Filter>
    </None>
    <None Include="GeometryData\Arrow.gd">
      <Filter>來源檔案\GeometryData</Filter>
    </None>
    <None Include="GeometryData\Rhombic.gd">
      <Filter>來源檔案\GeometryData</Filter>
    </None>
    <None Include="GeometryData\Shuriken.gd">
      <Filter>來源檔案\GeometryData</Filter>
    </None>
    <None Include="GeometryData\Thorn.gd">
      <Filter>來源檔案\GeometryData</Filter>
    </None>
    <None Include="GeometryData\Needle.gd">
      <Filter>來源檔案\GeometryData</Filter>
    </None>
    <None Include="GeometryData\Boss.gd">
      <Filter>來源檔案\GeometryData</Filter>
    </None>
  </ItemGroup>
</Project>